// !$*UTF8*$!
{
	archiveVersion = 1;
	classes = {
	};
	objectVersion = 55;
	objects = {

/* Begin PBXBuildFile section */
		D90D70192892FF1B004146F7 /* AppDelegate.swift in Sources */ = {isa = PBXBuildFile; fileRef = D90D70182892FF1B004146F7 /* AppDelegate.swift */; };
		D90D701B2892FF1B004146F7 /* SceneDelegate.swift in Sources */ = {isa = PBXBuildFile; fileRef = D90D701A2892FF1B004146F7 /* SceneDelegate.swift */; };
		D90D70222892FF1D004146F7 /* Assets.xcassets in Resources */ = {isa = PBXBuildFile; fileRef = D90D70212892FF1D004146F7 /* Assets.xcassets */; };
		D90D70252892FF1D004146F7 /* LaunchScreen.storyboard in Resources */ = {isa = PBXBuildFile; fileRef = D90D70232892FF1D004146F7 /* LaunchScreen.storyboard */; };
		D90D702E2893001A004146F7 /* Main.storyboard in Resources */ = {isa = PBXBuildFile; fileRef = D90D702C2893001A004146F7 /* Main.storyboard */; };
		D90D703428930035004146F7 /* TableViewCell.swift in Sources */ = {isa = PBXBuildFile; fileRef = D90D702F28930035004146F7 /* TableViewCell.swift */; };
		D90D703528930035004146F7 /* PRModel.swift in Sources */ = {isa = PBXBuildFile; fileRef = D90D703028930035004146F7 /* PRModel.swift */; };
		D90D703628930035004146F7 /* Service.swift in Sources */ = {isa = PBXBuildFile; fileRef = D90D703128930035004146F7 /* Service.swift */; };
		D90D703728930035004146F7 /* ViewModel.swift in Sources */ = {isa = PBXBuildFile; fileRef = D90D703228930035004146F7 /* ViewModel.swift */; };
		D90D703828930035004146F7 /* ViewController.swift in Sources */ = {isa = PBXBuildFile; fileRef = D90D703328930035004146F7 /* ViewController.swift */; };
		D90D703A28931AC4004146F7 /* DateFormatter.swift in Sources */ = {isa = PBXBuildFile; fileRef = D90D703928931AC4004146F7 /* DateFormatter.swift */; };
/* End PBXBuildFile section */

/* Begin PBXFileReference section */
		D90D70152892FF1B004146F7 /* MyPR.app */ = {isa = PBXFileReference; explicitFileType = wrapper.application; includeInIndex = 0; path = MyPR.app; sourceTree = BUILT_PRODUCTS_DIR; };
		D90D70182892FF1B004146F7 /* AppDelegate.swift */ = {isa = PBXFileReference; lastKnownFileType = sourcecode.swift; path = AppDelegate.swift; sourceTree = "<group>"; };
		D90D701A2892FF1B004146F7 /* SceneDelegate.swift */ = {isa = PBXFileReference; lastKnownFileType = sourcecode.swift; path = SceneDelegate.swift; sourceTree = "<group>"; };
		D90D70212892FF1D004146F7 /* Assets.xcassets */ = {isa = PBXFileReference; lastKnownFileType = folder.assetcatalog; path = Assets.xcassets; sourceTree = "<group>"; };
		D90D70242892FF1D004146F7 /* Base */ = {isa = PBXFileReference; lastKnownFileType = file.storyboard; name = Base; path = Base.lproj/LaunchScreen.storyboard; sourceTree = "<group>"; };
		D90D70262892FF1D004146F7 /* Info.plist */ = {isa = PBXFileReference; lastKnownFileType = text.plist.xml; path = Info.plist; sourceTree = "<group>"; };
		D90D702D2893001A004146F7 /* Base */ = {isa = PBXFileReference; lastKnownFileType = file.storyboard; name = Base; path = Base.lproj/Main.storyboard; sourceTree = "<group>"; };
		D90D702F28930035004146F7 /* TableViewCell.swift */ = {isa = PBXFileReference; fileEncoding = 4; lastKnownFileType = sourcecode.swift; path = TableViewCell.swift; sourceTree = "<group>"; };
		D90D703028930035004146F7 /* PRModel.swift */ = {isa = PBXFileReference; fileEncoding = 4; lastKnownFileType = sourcecode.swift; path = PRModel.swift; sourceTree = "<group>"; };
		D90D703128930035004146F7 /* Service.swift */ = {isa = PBXFileReference; fileEncoding = 4; lastKnownFileType = sourcecode.swift; path = Service.swift; sourceTree = "<group>"; };
		D90D703228930035004146F7 /* ViewModel.swift */ = {isa = PBXFileReference; fileEncoding = 4; lastKnownFileType = sourcecode.swift; path = ViewModel.swift; sourceTree = "<group>"; };
		D90D703328930035004146F7 /* ViewController.swift */ = {isa = PBXFileReference; fileEncoding = 4; lastKnownFileType = sourcecode.swift; path = ViewController.swift; sourceTree = "<group>"; };
		D90D703928931AC4004146F7 /* DateFormatter.swift */ = {isa = PBXFileReference; lastKnownFileType = sourcecode.swift; path = DateFormatter.swift; sourceTree = "<group>"; };
/* End PBXFileReference section */

/* Begin PBXFrameworksBuildPhase section */
		D90D70122892FF1B004146F7 /* Frameworks */ = {
			isa = PBXFrameworksBuildPhase;
			buildActionMask = 2147483647;
			files = (
			);
			runOnlyForDeploymentPostprocessing = 0;
		};
/* End PBXFrameworksBuildPhase section */

/* Begin PBXGroup section */
		D90D700C2892FF1B004146F7 = {
			isa = PBXGroup;
			children = (
				D90D70172892FF1B004146F7 /* MyPR */,
				D90D70162892FF1B004146F7 /* Products */,
			);
			sourceTree = "<group>";
		};
		D90D70162892FF1B004146F7 /* Products */ = {
			isa = PBXGroup;
			children = (
				D90D70152892FF1B004146F7 /* MyPR.app */,
			);
			name = Products;
			sourceTree = "<group>";
		};
		D90D70172892FF1B004146F7 /* MyPR */ = {
			isa = PBXGroup;
			children = (
				D90D70402893210D004146F7 /* Utilities */,
				D90D703F289320E9004146F7 /* Model */,
				D90D703E289320D3004146F7 /* ViewModel */,
				D90D703B28932081004146F7 /* View */,
				D90D703128930035004146F7 /* Service.swift */,
				D90D702C2893001A004146F7 /* Main.storyboard */,
				D90D70182892FF1B004146F7 /* AppDelegate.swift */,
				D90D701A2892FF1B004146F7 /* SceneDelegate.swift */,
				D90D70212892FF1D004146F7 /* Assets.xcassets */,
				D90D70232892FF1D004146F7 /* LaunchScreen.storyboard */,
				D90D70262892FF1D004146F7 /* Info.plist */,
			);
			path = MyPR;
			sourceTree = "<group>";
		};
		D90D703B28932081004146F7 /* View */ = {
			isa = PBXGroup;
			children = (
				D90D702F28930035004146F7 /* TableViewCell.swift */,
				D90D703328930035004146F7 /* ViewController.swift */,
			);
			path = View;
			sourceTree = "<group>";
		};
		D90D703E289320D3004146F7 /* ViewModel */ = {
			isa = PBXGroup;
			children = (
				D90D703228930035004146F7 /* ViewModel.swift */,
			);
			path = ViewModel;
			sourceTree = "<group>";
		};
		D90D703F289320E9004146F7 /* Model */ = {
			isa = PBXGroup;
			children = (
				D90D703028930035004146F7 /* PRModel.swift */,
			);
			path = Model;
			sourceTree = "<group>";
		};
		D90D70402893210D004146F7 /* Utilities */ = {
			isa = PBXGroup;
			children = (
				D90D703928931AC4004146F7 /* DateFormatter.swift */,
			);
			path = Utilities;
			sourceTree = "<group>";
		};
/* End PBXGroup section */

/* Begin PBXNativeTarget section */
		D90D70142892FF1B004146F7 /* MyPR */ = {
			isa = PBXNativeTarget;
			buildConfigurationList = D90D70292892FF1D004146F7 /* Build configuration list for PBXNativeTarget "MyPR" */;
			buildPhases = (
				D90D70112892FF1B004146F7 /* Sources */,
				D90D70122892FF1B004146F7 /* Frameworks */,
				D90D70132892FF1B004146F7 /* Resources */,
			);
			buildRules = (
			);
			dependencies = (
			);
			name = MyPR;
			productName = MyPR;
			productReference = D90D70152892FF1B004146F7 /* MyPR.app */;
			productType = "com.apple.product-type.application";
		};
/* End PBXNativeTarget section */

/* Begin PBXProject section */
		D90D700D2892FF1B004146F7 /* Project object */ = {
			isa = PBXProject;
			attributes = {
				BuildIndependentTargetsInParallel = 1;
				LastSwiftUpdateCheck = 1330;
				LastUpgradeCheck = 1330;
				TargetAttributes = {
					D90D70142892FF1B004146F7 = {
						CreatedOnToolsVersion = 13.3;
					};
				};
			};
			buildConfigurationList = D90D70102892FF1B004146F7 /* Build configuration list for PBXProject "MyPR" */;
			compatibilityVersion = "Xcode 13.0";
			developmentRegion = en;
			hasScannedForEncodings = 0;
			knownRegions = (
				en,
				Base,
			);
			mainGroup = D90D700C2892FF1B004146F7;
			productRefGroup = D90D70162892FF1B004146F7 /* Products */;
			projectDirPath = "";
			projectRoot = "";
			targets = (
				D90D70142892FF1B004146F7 /* MyPR */,
			);
		};
/* End PBXProject section */

/* Begin PBXResourcesBuildPhase section */
		D90D70132892FF1B004146F7 /* Resources */ = {
			isa = PBXResourcesBuildPhase;
			buildActionMask = 2147483647;
			files = (
				D90D702E2893001A004146F7 /* Main.storyboard in Resources */,
				D90D70252892FF1D004146F7 /* LaunchScreen.storyboard in Resources */,
				D90D70222892FF1D004146F7 /* Assets.xcassets in Resources */,
			);
			runOnlyForDeploymentPostprocessing = 0;
		};
/* End PBXResourcesBuildPhase section */

/* Begin PBXSourcesBuildPhase section */
		D90D70112892FF1B004146F7 /* Sources */ = {
			isa = PBXSourcesBuildPhase;
			buildActionMask = 2147483647;
			files = (
				D90D703A28931AC4004146F7 /* DateFormatter.swift in Sources */,
				D90D703428930035004146F7 /* TableViewCell.swift in Sources */,
				D90D70192892FF1B004146F7 /* AppDelegate.swift in Sources */,
				D90D703628930035004146F7 /* Service.swift in Sources */,
				D90D701B2892FF1B004146F7 /* SceneDelegate.swift in Sources */,
				D90D703828930035004146F7 /* ViewController.swift in Sources */,
				D90D703728930035004146F7 /* ViewModel.swift in Sources */,
				D90D703528930035004146F7 /* PRModel.swift in Sources */,
			);
			runOnlyForDeploymentPostprocessing = 0;
		};
/* End PBXSourcesBuildPhase section */

/* Begin PBXVariantGroup section */
		D90D70232892FF1D004146F7 /* LaunchScreen.storyboard */ = {
			isa = PBXVariantGroup;
			children = (
				D90D70242892FF1D004146F7 /* Base */,
			);
			name = LaunchScreen.storyboard;
			sourceTree = "<group>";
		};
		D90D702C2893001A004146F7 /* Main.storyboard */ = {
			isa = PBXVariantGroup;
			children = (
				D90D702D2893001A004146F7 /* Base */,
			);
			name = Main.storyboard;
			sourceTree = "<group>";
		};
/* End PBXVariantGroup section */

/* Begin XCBuildConfiguration section */
		D90D70272892FF1D004146F7 /* Debug */ = {
			isa = XCBuildConfiguration;
			buildSettings = {
				ALWAYS_SEARCH_USER_PATHS = NO;
				CLANG_ANALYZER_NONNULL = YES;
				CLANG_ANALYZER_NUMBER_OBJECT_CONVERSION = YES_AGGRESSIVE;
				CLANG_CXX_LANGUAGE_STANDARD = "gnu++17";
				CLANG_ENABLE_MODULES = YES;
				CLANG_ENABLE_OBJC_ARC = YES;
				CLANG_ENABLE_OBJC_WEAK = YES;
				CLANG_WARN_BLOCK_CAPTURE_AUTORELEASING = YES;
				CLANG_WARN_BOOL_CONVERSION = YES;
				CLANG_WARN_COMMA = YES;
				CLANG_WARN_CONSTANT_CONVERSION = YES;
				CLANG_WARN_DEPRECATED_OBJC_IMPLEMENTATIONS = YES;
				CLANG_WARN_DIRECT_OBJC_ISA_USAGE = YES_ERROR;
				CLANG_WARN_DOCUMENTATION_COMMENTS = YES;
				CLANG_WARN_EMPTY_BODY = YES;
				CLANG_WARN_ENUM_CONVERSION = YES;
				CLANG_WARN_INFINITE_RECURSION = YES;
				CLANG_WARN_INT_CONVERSION = YES;
				CLANG_WARN_NON_LITERAL_NULL_CONVERSION = YES;
				CLANG_WARN_OBJC_IMPLICIT_RETAIN_SELF = YES;
				CLANG_WARN_OBJC_LITERAL_CONVERSION = YES;
				CLANG_WARN_OBJC_ROOT_CLASS = YES_ERROR;
				CLANG_WARN_QUOTED_INCLUDE_IN_FRAMEWORK_HEADER = YES;
				CLANG_WARN_RANGE_LOOP_ANALYSIS = YES;
				CLANG_WARN_STRICT_PROTOTYPES = YES;
				CLANG_WARN_SUSPICIOUS_MOVE = YES;
				CLANG_WARN_UNGUARDED_AVAILABILITY = YES_AGGRESSIVE;
				CLANG_WARN_UNREACHABLE_CODE = YES;
				CLANG_WARN__DUPLICATE_METHOD_MATCH = YES;
				COPY_PHASE_STRIP = NO;
				DEBUG_INFORMATION_FORMAT = dwarf;
				ENABLE_STRICT_OBJC_MSGSEND = YES;
				ENABLE_TESTABILITY = YES;
				GCC_C_LANGUAGE_STANDARD = gnu11;
				GCC_DYNAMIC_NO_PIC = NO;
				GCC_NO_COMMON_BLOCKS = YES;
				GCC_OPTIMIZATION_LEVEL = 0;
				GCC_PREPROCESSOR_DEFINITIONS = (
					"DEBUG=1",
					"$(inherited)",
				);
				GCC_WARN_64_TO_32_BIT_CONVERSION = YES;
				GCC_WARN_ABOUT_RETURN_TYPE = YES_ERROR;
				GCC_WARN_UNDECLARED_SELECTOR = YES;
				GCC_WARN_UNINITIALIZED_AUTOS = YES_AGGRESSIVE;
				GCC_WARN_UNUSED_FUNCTION = YES;
				GCC_WARN_UNUSED_VARIABLE = YES;
				IPHONEOS_DEPLOYMENT_TARGET = 15.4;
				MTL_ENABLE_DEBUG_INFO = INCLUDE_SOURCE;
				MTL_FAST_MATH = YES;
				ONLY_ACTIVE_ARCH = YES;
				SDKROOT = iphoneos;
				SWIFT_ACTIVE_COMPILATION_CONDITIONS = DEBUG;
				SWIFT_OPTIMIZATION_LEVEL = "-Onone";
			};
			name = Debug;
		};
		D90D70282892FF1D004146F7 /* Release */ = {
			isa = XCBuildConfiguration;
			buildSettings = {
				ALWAYS_SEARCH_USER_PATHS = NO;
				CLANG_ANALYZER_NONNULL = YES;
				CLANG_ANALYZER_NUMBER_OBJECT_CONVERSION = YES_AGGRESSIVE;
				CLANG_CXX_LANGUAGE_STANDARD = "gnu++17";
				CLANG_ENABLE_MODULES = YES;
				CLANG_ENABLE_OBJC_ARC = YES;
				CLANG_ENABLE_OBJC_WEAK = YES;
				CLANG_WARN_BLOCK_CAPTURE_AUTORELEASING = YES;
				CLANG_WARN_BOOL_CONVERSION = YES;
				CLANG_WARN_COMMA = YES;
				CLANG_WARN_CONSTANT_CONVERSION = YES;
				CLANG_WARN_DEPRECATED_OBJC_IMPLEMENTATIONS = YES;
				CLANG_WARN_DIRECT_OBJC_ISA_USAGE = YES_ERROR;
				CLANG_WARN_DOCUMENTATION_COMMENTS = YES;
				CLANG_WARN_EMPTY_BODY = YES;
				CLANG_WARN_ENUM_CONVERSION = YES;
				CLANG_WARN_INFINITE_RECURSION = YES;
				CLANG_WARN_INT_CONVERSION = YES;
				CLANG_WARN_NON_LITERAL_NULL_CONVERSION = YES;
				CLANG_WARN_OBJC_IMPLICIT_RETAIN_SELF = YES;
				CLANG_WARN_OBJC_LITERAL_CONVERSION = YES;
				CLANG_WARN_OBJC_ROOT_CLASS = YES_ERROR;
				CLANG_WARN_QUOTED_INCLUDE_IN_FRAMEWORK_HEADER = YES;
				CLANG_WARN_RANGE_LOOP_ANALYSIS = YES;
				CLANG_WARN_STRICT_PROTOTYPES = YES;
				CLANG_WARN_SUSPICIOUS_MOVE = YES;
				CLANG_WARN_UNGUARDED_AVAILABILITY = YES_AGGRESSIVE;
				CLANG_WARN_UNREACHABLE_CODE = YES;
				CLANG_WARN__DUPLICATE_METHOD_MATCH = YES;
				COPY_PHASE_STRIP = NO;
				DEBUG_INFORMATION_FORMAT = "dwarf-with-dsym";
				ENABLE_NS_ASSERTIONS = NO;
				ENABLE_STRICT_OBJC_MSGSEND = YES;
				GCC_C_LANGUAGE_STANDARD = gnu11;
				GCC_NO_COMMON_BLOCKS = YES;
				GCC_WARN_64_TO_32_BIT_CONVERSION = YES;
				GCC_WARN_ABOUT_RETURN_TYPE = YES_ERROR;
				GCC_WARN_UNDECLARED_SELECTOR = YES;
				GCC_WARN_UNINITIALIZED_AUTOS = YES_AGGRESSIVE;
				GCC_WARN_UNUSED_FUNCTION = YES;
				GCC_WARN_UNUSED_VARIABLE = YES;
				IPHONEOS_DEPLOYMENT_TARGET = 15.4;
				MTL_ENABLE_DEBUG_INFO = NO;
				MTL_FAST_MATH = YES;
				SDKROOT = iphoneos;
				SWIFT_COMPILATION_MODE = wholemodule;
				SWIFT_OPTIMIZATION_LEVEL = "-O";
				VALIDATE_PRODUCT = YES;
			};
			name = Release;
		};
		D90D702A2892FF1D004146F7 /* Debug */ = {
			isa = XCBuildConfiguration;
			buildSettings = {
				ASSETCATALOG_COMPILER_APPICON_NAME = AppIcon;
				ASSETCATALOG_COMPILER_GLOBAL_ACCENT_COLOR_NAME = AccentColor;
				CODE_SIGN_STYLE = Automatic;
				CURRENT_PROJECT_VERSION = 1;
				GENERATE_INFOPLIST_FILE = YES;
				INFOPLIST_FILE = MyPR/Info.plist;
				INFOPLIST_KEY_UIApplicationSupportsIndirectInputEvents = YES;
				INFOPLIST_KEY_UILaunchStoryboardName = LaunchScreen;
				INFOPLIST_KEY_UIMainStoryboardFile = Main;
				INFOPLIST_KEY_UISupportedInterfaceOrientations_iPad = "UIInterfaceOrientationPortrait UIInterfaceOrientationPortraitUpsideDown UIInterfaceOrientationLandscapeLeft UIInterfaceOrientationLandscapeRight";
				INFOPLIST_KEY_UISupportedInterfaceOrientations_iPhone = "UIInterfaceOrientationPortrait UIInterfaceOrientationLandscapeLeft UIInterfaceOrientationLandscapeRight";
				LD_RUNPATH_SEARCH_PATHS = (
					"$(inherited)",
					"@executable_path/Frameworks",
				);
				MARKETING_VERSION = 1.0;
				PRODUCT_BUNDLE_IDENTIFIER = com.aftab.paytmbank.MyPR;
				PRODUCT_NAME = "$(TARGET_NAME)";
				SWIFT_EMIT_LOC_STRINGS = YES;
				SWIFT_VERSION = 5.0;
				TARGETED_DEVICE_FAMILY = "1,2";
			};
			name = Debug;
		};
		D90D702B2892FF1D004146F7 /* Release */ = {
			isa = XCBuildConfiguration;
			buildSettings = {
				ASSETCATALOG_COMPILER_APPICON_NAME = AppIcon;
				ASSETCATALOG_COMPILER_GLOBAL_ACCENT_COLOR_NAME = AccentColor;
				CODE_SIGN_STYLE = Automatic;
				CURRENT_PROJECT_VERSION = 1;
				GENERATE_INFOPLIST_FILE = YES;
				INFOPLIST_FILE = MyPR/Info.plist;
				INFOPLIST_KEY_UIApplicationSupportsIndirectInputEvents = YES;
				INFOPLIST_KEY_UILaunchStoryboardName = LaunchScreen;
				INFOPLIST_KEY_UIMainStoryboardFile = Main;
				INFOPLIST_KEY_UISupportedInterfaceOrientations_iPad = "UIInterfaceOrientationPortrait UIInterfaceOrientationPortraitUpsideDown UIInterfaceOrientationLandscapeLeft UIInterfaceOrientationLandscapeRight";
				INFOPLIST_KEY_UISupportedInterfaceOrientations_iPhone = "UIInterfaceOrientationPortrait UIInterfaceOrientationLandscapeLeft UIInterfaceOrientationLandscapeRight";
				LD_RUNPATH_SEARCH_PATHS = (
					"$(inherited)",
					"@executable_path/Frameworks",
				);
				MARKETING_VERSION = 1.0;
				PRODUCT_BUNDLE_IDENTIFIER = com.aftab.paytmbank.MyPR;
				PRODUCT_NAME = "$(TARGET_NAME)";
				SWIFT_EMIT_LOC_STRINGS = YES;
				SWIFT_VERSION = 5.0;
				TARGETED_DEVICE_FAMILY = "1,2";
			};
			name = Release;
		};
/* End XCBuildConfiguration section */

/* Begin XCConfigurationList section */
		D90D70102892FF1B004146F7 /* Build configuration list for PBXProject "MyPR" */ = {
			isa = XCConfigurationList;
			buildConfigurations = (
				D90D70272892FF1D004146F7 /* Debug */,
				D90D70282892FF1D004146F7 /* Release */,
			);
			defaultConfigurationIsVisible = 0;
			defaultConfigurationName = Release;
		};
		D90D70292892FF1D004146F7 /* Build configuration list for PBXNativeTarget "MyPR" */ = {
			isa = XCConfigurationList;
			buildConfigurations = (
				D90D702A2892FF1D004146F7 /* Debug */,
				D90D702B2892FF1D004146F7 /* Release */,
			);
			defaultConfigurationIsVisible = 0;
			defaultConfigurationName = Release;
		};
/* End XCConfigurationList section */
	};
	rootObject = D90D700D2892FF1B004146F7 /* Project object */;
}
